
Microsoft Visual Studio Solution File, Format Version 12.00
# Visual Studio 15
VisualStudioVersion = 15.0.27703.2018
MinimumVisualStudioVersion = 10.0.40219.1
Project("{2150E333-8FDC-42A3-9474-1A3956D46DE8}") = "1. Host", "1. Host", "{9CE8BB31-A049-41B3-A77C-A04AC04C1EEA}"
EndProject
Project("{2150E333-8FDC-42A3-9474-1A3956D46DE8}") = "2. App", "2. App", "{1D9AB5B5-A0C2-441C-B914-7A93B1DE043D}"
EndProject
Project("{2150E333-8FDC-42A3-9474-1A3956D46DE8}") = "3. Domain", "3. Domain", "{9F063F7C-D014-4ECA-896B-CF2DC939F5E0}"
EndProject
Project("{2150E333-8FDC-42A3-9474-1A3956D46DE8}") = "4. Infra", "4. Infra", "{67078C38-2C4F-4827-B44E-E4C6CD974673}"
EndProject
Project("{2150E333-8FDC-42A3-9474-1A3956D46DE8}") = "5. Tests", "5. Tests", "{0CC979CD-9321-414B-928C-E90EA74344AC}"
EndProject
Project("{2150E333-8FDC-42A3-9474-1A3956D46DE8}") = "src", "src", "{995C9BDA-D83F-4AE6-A3AF-9C0BFA944351}"
EndProject
Project("{9A19103F-16F7-4668-BE54-9A1E7A4F7556}") = "Radix.App", "Radix.App\Radix.App.csproj", "{73B2125B-33BE-4F8E-832C-98122D6AF30F}"
EndProject
Project("{9A19103F-16F7-4668-BE54-9A1E7A4F7556}") = "Radix.Domain", "Radix.Domain\Radix.Domain.csproj", "{79FFFB92-83AC-4E45-8226-C601618D4F74}"
EndProject
Project("{9A19103F-16F7-4668-BE54-9A1E7A4F7556}") = "Radix.Infra", "Radix.Infra\Radix.Infra.csproj", "{1AD697B8-735C-4D72-8B1B-2E9B355ABEE8}"
EndProject
Project("{2150E333-8FDC-42A3-9474-1A3956D46DE8}") = "1. Web", "1. Web", "{E6D9483F-269E-4558-9A93-E1C82B59FB8E}"
EndProject
Project("{9A19103F-16F7-4668-BE54-9A1E7A4F7556}") = "Web", "Web\Web.csproj", "{0D0FA218-8717-4A2B-9D47-7A2A09608A30}"
EndProject
Project("{FAE04EC0-301F-11D3-BF4B-00C04F79EFBC}") = "Radix.Tests", "Radix.Tests\Radix.Tests.csproj", "{4346E48B-DBCD-49D1-B89D-03FF2A90C6F1}"
EndProject
Global
	GlobalSection(SolutionConfigurationPlatforms) = preSolution
		Debug|Any CPU = Debug|Any CPU
		Release|Any CPU = Release|Any CPU
	EndGlobalSection
	GlobalSection(ProjectConfigurationPlatforms) = postSolution
		{73B2125B-33BE-4F8E-832C-98122D6AF30F}.Debug|Any CPU.ActiveCfg = Debug|Any CPU
		{73B2125B-33BE-4F8E-832C-98122D6AF30F}.Debug|Any CPU.Build.0 = Debug|Any CPU
		{73B2125B-33BE-4F8E-832C-98122D6AF30F}.Release|Any CPU.ActiveCfg = Release|Any CPU
		{73B2125B-33BE-4F8E-832C-98122D6AF30F}.Release|Any CPU.Build.0 = Release|Any CPU
		{79FFFB92-83AC-4E45-8226-C601618D4F74}.Debug|Any CPU.ActiveCfg = Debug|Any CPU
		{79FFFB92-83AC-4E45-8226-C601618D4F74}.Debug|Any CPU.Build.0 = Debug|Any CPU
		{79FFFB92-83AC-4E45-8226-C601618D4F74}.Release|Any CPU.ActiveCfg = Release|Any CPU
		{79FFFB92-83AC-4E45-8226-C601618D4F74}.Release|Any CPU.Build.0 = Release|Any CPU
		{1AD697B8-735C-4D72-8B1B-2E9B355ABEE8}.Debug|Any CPU.ActiveCfg = Debug|Any CPU
		{1AD697B8-735C-4D72-8B1B-2E9B355ABEE8}.Debug|Any CPU.Build.0 = Debug|Any CPU
		{1AD697B8-735C-4D72-8B1B-2E9B355ABEE8}.Release|Any CPU.ActiveCfg = Release|Any CPU
		{1AD697B8-735C-4D72-8B1B-2E9B355ABEE8}.Release|Any CPU.Build.0 = Release|Any CPU
		{0D0FA218-8717-4A2B-9D47-7A2A09608A30}.Debug|Any CPU.ActiveCfg = Debug|Any CPU
		{0D0FA218-8717-4A2B-9D47-7A2A09608A30}.Debug|Any CPU.Build.0 = Debug|Any CPU
		{0D0FA218-8717-4A2B-9D47-7A2A09608A30}.Release|Any CPU.ActiveCfg = Release|Any CPU
		{0D0FA218-8717-4A2B-9D47-7A2A09608A30}.Release|Any CPU.Build.0 = Release|Any CPU
		{4346E48B-DBCD-49D1-B89D-03FF2A90C6F1}.Debug|Any CPU.ActiveCfg = Debug|Any CPU
		{4346E48B-DBCD-49D1-B89D-03FF2A90C6F1}.Debug|Any CPU.Build.0 = Debug|Any CPU
		{4346E48B-DBCD-49D1-B89D-03FF2A90C6F1}.Release|Any CPU.ActiveCfg = Release|Any CPU
		{4346E48B-DBCD-49D1-B89D-03FF2A90C6F1}.Release|Any CPU.Build.0 = Release|Any CPU
	EndGlobalSection
	GlobalSection(SolutionProperties) = preSolution
		HideSolutionNode = FALSE
	EndGlobalSection
	GlobalSection(NestedProjects) = preSolution
		{9CE8BB31-A049-41B3-A77C-A04AC04C1EEA} = {995C9BDA-D83F-4AE6-A3AF-9C0BFA944351}
		{1D9AB5B5-A0C2-441C-B914-7A93B1DE043D} = {995C9BDA-D83F-4AE6-A3AF-9C0BFA944351}
		{9F063F7C-D014-4ECA-896B-CF2DC939F5E0} = {995C9BDA-D83F-4AE6-A3AF-9C0BFA944351}
		{67078C38-2C4F-4827-B44E-E4C6CD974673} = {995C9BDA-D83F-4AE6-A3AF-9C0BFA944351}
		{0CC979CD-9321-414B-928C-E90EA74344AC} = {995C9BDA-D83F-4AE6-A3AF-9C0BFA944351}
		{73B2125B-33BE-4F8E-832C-98122D6AF30F} = {1D9AB5B5-A0C2-441C-B914-7A93B1DE043D}
		{79FFFB92-83AC-4E45-8226-C601618D4F74} = {9F063F7C-D014-4ECA-896B-CF2DC939F5E0}
		{1AD697B8-735C-4D72-8B1B-2E9B355ABEE8} = {67078C38-2C4F-4827-B44E-E4C6CD974673}
		{E6D9483F-269E-4558-9A93-E1C82B59FB8E} = {9CE8BB31-A049-41B3-A77C-A04AC04C1EEA}
		{0D0FA218-8717-4A2B-9D47-7A2A09608A30} = {E6D9483F-269E-4558-9A93-E1C82B59FB8E}
		{4346E48B-DBCD-49D1-B89D-03FF2A90C6F1} = {0CC979CD-9321-414B-928C-E90EA74344AC}
	EndGlobalSection
	GlobalSection(ExtensibilityGlobals) = postSolution
		SolutionGuid = {7BAA4989-BC80-4F51-B5B4-805D568A5681}
	EndGlobalSection
EndGlobal
